
Microsoft Visual Studio Solution File, Format Version 12.00
# Visual Studio 15
VisualStudioVersion = 15.0.26730.10
MinimumVisualStudioVersion = 10.0.40219.1

Project("{6EC3EE1D-3C4E-46DD-8F32-0CC8E7565705}") = "FabApp", "FabApp\FabApp.fsproj", "{0C6421D0-6B44-4E78-828C-4A27175467EC}"
EndProject

Project("{F2A71F9B-5D33-465A-A702-920D77279786}") = "FabApp.Android", "FabApp.Android\FabApp.Android.fsproj", "{4D023A4C-D6DE-4C86-83CE-7DC42256E9D7}"
EndProject


Project("{F2A71F9B-5D33-465A-A702-920D77279786}") = "FabApp.iOS", "FabApp.iOS\FabApp.iOS.fsproj", "{DC52BD92-9B9D-4203-A8DF-41373270FD96}"
EndProject


Project("{F2A71F9B-5D33-465A-A702-920D77279786}") = "FabApp.WPF", "FabApp.WPF\FabApp.WPF.fsproj", "{08EF7FED-84C4-41D3-A0DD-53F1320FACAB}"
EndProject

Project("{FAE04EC0-301F-11D3-BF4B-00C04F79EFBC}") = "FabApp.UWP", "FabApp.UWP\FabApp.UWP.csproj", "{4C9EC3B9-1FF2-440A-9CA3-D9EC29314FD4}"
EndProject

Global
	GlobalSection(SolutionConfigurationPlatforms) = preSolution
		Ad-Hoc|Any CPU = Ad-Hoc|Any CPU
		Ad-Hoc|ARM = Ad-Hoc|ARM
		Ad-Hoc|iPhone = Ad-Hoc|iPhone
		Ad-Hoc|iPhoneSimulator = Ad-Hoc|iPhoneSimulator
		Ad-Hoc|x64 = Ad-Hoc|x64
		Ad-Hoc|x86 = Ad-Hoc|x86
		AppStore|Any CPU = AppStore|Any CPU
		AppStore|ARM = AppStore|ARM
		AppStore|iPhone = AppStore|iPhone
		AppStore|iPhoneSimulator = AppStore|iPhoneSimulator
		AppStore|x64 = AppStore|x64
		AppStore|x86 = AppStore|x86
		Debug|Any CPU = Debug|Any CPU
		Debug|ARM = Debug|ARM
		Debug|iPhone = Debug|iPhone
		Debug|iPhoneSimulator = Debug|iPhoneSimulator
		Debug|x64 = Debug|x64
		Debug|x86 = Debug|x86
		Release|Any CPU = Release|Any CPU
		Release|ARM = Release|ARM
		Release|iPhone = Release|iPhone
		Release|iPhoneSimulator = Release|iPhoneSimulator
		Release|x64 = Release|x64
		Release|x86 = Release|x86
	EndGlobalSection
	GlobalSection(ProjectConfigurationPlatforms) = postSolution
		{0C6421D0-6B44-4E78-828C-4A27175467EC}.Ad-Hoc|Any CPU.ActiveCfg = Debug|Any CPU
		{0C6421D0-6B44-4E78-828C-4A27175467EC}.Ad-Hoc|Any CPU.Build.0 = Debug|Any CPU
		{0C6421D0-6B44-4E78-828C-4A27175467EC}.Ad-Hoc|ARM.ActiveCfg = Debug|Any CPU
		{0C6421D0-6B44-4E78-828C-4A27175467EC}.Ad-Hoc|ARM.Build.0 = Debug|Any CPU
		{0C6421D0-6B44-4E78-828C-4A27175467EC}.Ad-Hoc|iPhone.ActiveCfg = Debug|Any CPU
		{0C6421D0-6B44-4E78-828C-4A27175467EC}.Ad-Hoc|iPhone.Build.0 = Debug|Any CPU
		{0C6421D0-6B44-4E78-828C-4A27175467EC}.Ad-Hoc|iPhoneSimulator.ActiveCfg = Debug|Any CPU
		{0C6421D0-6B44-4E78-828C-4A27175467EC}.Ad-Hoc|iPhoneSimulator.Build.0 = Debug|Any CPU
		{0C6421D0-6B44-4E78-828C-4A27175467EC}.Ad-Hoc|x64.ActiveCfg = Debug|Any CPU
		{0C6421D0-6B44-4E78-828C-4A27175467EC}.Ad-Hoc|x64.Build.0 = Debug|Any CPU
		{0C6421D0-6B44-4E78-828C-4A27175467EC}.Ad-Hoc|x86.ActiveCfg = Debug|Any CPU
		{0C6421D0-6B44-4E78-828C-4A27175467EC}.Ad-Hoc|x86.Build.0 = Debug|Any CPU
		{0C6421D0-6B44-4E78-828C-4A27175467EC}.AppStore|Any CPU.ActiveCfg = Debug|Any CPU
		{0C6421D0-6B44-4E78-828C-4A27175467EC}.AppStore|Any CPU.Build.0 = Debug|Any CPU
		{0C6421D0-6B44-4E78-828C-4A27175467EC}.AppStore|ARM.ActiveCfg = Debug|Any CPU
		{0C6421D0-6B44-4E78-828C-4A27175467EC}.AppStore|ARM.Build.0 = Debug|Any CPU
		{0C6421D0-6B44-4E78-828C-4A27175467EC}.AppStore|iPhone.ActiveCfg = Debug|Any CPU
		{0C6421D0-6B44-4E78-828C-4A27175467EC}.AppStore|iPhone.Build.0 = Debug|Any CPU
		{0C6421D0-6B44-4E78-828C-4A27175467EC}.AppStore|iPhoneSimulator.ActiveCfg = Debug|Any CPU
		{0C6421D0-6B44-4E78-828C-4A27175467EC}.AppStore|iPhoneSimulator.Build.0 = Debug|Any CPU
		{0C6421D0-6B44-4E78-828C-4A27175467EC}.AppStore|x64.ActiveCfg = Debug|Any CPU
		{0C6421D0-6B44-4E78-828C-4A27175467EC}.AppStore|x64.Build.0 = Debug|Any CPU
		{0C6421D0-6B44-4E78-828C-4A27175467EC}.AppStore|x86.ActiveCfg = Debug|Any CPU
		{0C6421D0-6B44-4E78-828C-4A27175467EC}.AppStore|x86.Build.0 = Debug|Any CPU
		{0C6421D0-6B44-4E78-828C-4A27175467EC}.Debug|Any CPU.ActiveCfg = Debug|Any CPU
		{0C6421D0-6B44-4E78-828C-4A27175467EC}.Debug|Any CPU.Build.0 = Debug|Any CPU
		{0C6421D0-6B44-4E78-828C-4A27175467EC}.Debug|ARM.ActiveCfg = Debug|Any CPU
		{0C6421D0-6B44-4E78-828C-4A27175467EC}.Debug|ARM.Build.0 = Debug|Any CPU
		{0C6421D0-6B44-4E78-828C-4A27175467EC}.Debug|iPhone.ActiveCfg = Debug|Any CPU
		{0C6421D0-6B44-4E78-828C-4A27175467EC}.Debug|iPhone.Build.0 = Debug|Any CPU
		{0C6421D0-6B44-4E78-828C-4A27175467EC}.Debug|iPhoneSimulator.ActiveCfg = Debug|Any CPU
		{0C6421D0-6B44-4E78-828C-4A27175467EC}.Debug|iPhoneSimulator.Build.0 = Debug|Any CPU
		{0C6421D0-6B44-4E78-828C-4A27175467EC}.Debug|x64.ActiveCfg = Debug|Any CPU
		{0C6421D0-6B44-4E78-828C-4A27175467EC}.Debug|x64.Build.0 = Debug|Any CPU
		{0C6421D0-6B44-4E78-828C-4A27175467EC}.Debug|x86.ActiveCfg = Debug|Any CPU
		{0C6421D0-6B44-4E78-828C-4A27175467EC}.Debug|x86.Build.0 = Debug|Any CPU
		{0C6421D0-6B44-4E78-828C-4A27175467EC}.Release|Any CPU.ActiveCfg = Release|Any CPU
		{0C6421D0-6B44-4E78-828C-4A27175467EC}.Release|Any CPU.Build.0 = Release|Any CPU
		{0C6421D0-6B44-4E78-828C-4A27175467EC}.Release|ARM.ActiveCfg = Release|Any CPU
		{0C6421D0-6B44-4E78-828C-4A27175467EC}.Release|ARM.Build.0 = Release|Any CPU
		{0C6421D0-6B44-4E78-828C-4A27175467EC}.Release|iPhone.ActiveCfg = Release|Any CPU
		{0C6421D0-6B44-4E78-828C-4A27175467EC}.Release|iPhone.Build.0 = Release|Any CPU
		{0C6421D0-6B44-4E78-828C-4A27175467EC}.Release|iPhoneSimulator.ActiveCfg = Release|Any CPU
		{0C6421D0-6B44-4E78-828C-4A27175467EC}.Release|iPhoneSimulator.Build.0 = Release|Any CPU
		{0C6421D0-6B44-4E78-828C-4A27175467EC}.Release|x64.ActiveCfg = Release|Any CPU
		{0C6421D0-6B44-4E78-828C-4A27175467EC}.Release|x64.Build.0 = Release|Any CPU
		{0C6421D0-6B44-4E78-828C-4A27175467EC}.Release|x86.ActiveCfg = Release|Any CPU
		{0C6421D0-6B44-4E78-828C-4A27175467EC}.Release|x86.Build.0 = Release|Any CPU
		{DC52BD92-9B9D-4203-A8DF-41373270FD96}.Ad-Hoc|Any CPU.ActiveCfg = Ad-Hoc|iPhone
		{DC52BD92-9B9D-4203-A8DF-41373270FD96}.Ad-Hoc|ARM.ActiveCfg = Ad-Hoc|iPhone
		{DC52BD92-9B9D-4203-A8DF-41373270FD96}.Ad-Hoc|iPhone.ActiveCfg = Ad-Hoc|iPhone
		{DC52BD92-9B9D-4203-A8DF-41373270FD96}.Ad-Hoc|iPhone.Build.0 = Ad-Hoc|iPhone
		{DC52BD92-9B9D-4203-A8DF-41373270FD96}.Ad-Hoc|iPhoneSimulator.ActiveCfg = Ad-Hoc|iPhoneSimulator
		{DC52BD92-9B9D-4203-A8DF-41373270FD96}.Ad-Hoc|iPhoneSimulator.Build.0 = Ad-Hoc|iPhoneSimulator
		{DC52BD92-9B9D-4203-A8DF-41373270FD96}.Ad-Hoc|x64.ActiveCfg = Ad-Hoc|iPhone
		{DC52BD92-9B9D-4203-A8DF-41373270FD96}.Ad-Hoc|x86.ActiveCfg = Ad-Hoc|iPhone
		{DC52BD92-9B9D-4203-A8DF-41373270FD96}.AppStore|Any CPU.ActiveCfg = AppStore|iPhone
		{DC52BD92-9B9D-4203-A8DF-41373270FD96}.AppStore|ARM.ActiveCfg = AppStore|iPhone
		{DC52BD92-9B9D-4203-A8DF-41373270FD96}.AppStore|iPhone.ActiveCfg = AppStore|iPhone
		{DC52BD92-9B9D-4203-A8DF-41373270FD96}.AppStore|iPhone.Build.0 = AppStore|iPhone
		{DC52BD92-9B9D-4203-A8DF-41373270FD96}.AppStore|iPhoneSimulator.ActiveCfg = AppStore|iPhoneSimulator
		{DC52BD92-9B9D-4203-A8DF-41373270FD96}.AppStore|iPhoneSimulator.Build.0 = AppStore|iPhoneSimulator
		{DC52BD92-9B9D-4203-A8DF-41373270FD96}.AppStore|x64.ActiveCfg = AppStore|iPhone
		{DC52BD92-9B9D-4203-A8DF-41373270FD96}.AppStore|x86.ActiveCfg = AppStore|iPhone
		{DC52BD92-9B9D-4203-A8DF-41373270FD96}.Debug|Any CPU.ActiveCfg = Debug|iPhone
		{DC52BD92-9B9D-4203-A8DF-41373270FD96}.Debug|ARM.ActiveCfg = Debug|iPhone
		{DC52BD92-9B9D-4203-A8DF-41373270FD96}.Debug|iPhone.ActiveCfg = Debug|iPhone
		{DC52BD92-9B9D-4203-A8DF-41373270FD96}.Debug|iPhone.Build.0 = Debug|iPhone
		{DC52BD92-9B9D-4203-A8DF-41373270FD96}.Debug|iPhoneSimulator.ActiveCfg = Debug|iPhoneSimulator
		{DC52BD92-9B9D-4203-A8DF-41373270FD96}.Debug|iPhoneSimulator.Build.0 = Debug|iPhoneSimulator
		{DC52BD92-9B9D-4203-A8DF-41373270FD96}.Debug|x64.ActiveCfg = Debug|iPhone
		{DC52BD92-9B9D-4203-A8DF-41373270FD96}.Debug|x86.ActiveCfg = Debug|iPhone
		{DC52BD92-9B9D-4203-A8DF-41373270FD96}.Release|Any CPU.ActiveCfg = Release|iPhone
		{DC52BD92-9B9D-4203-A8DF-41373270FD96}.Release|ARM.ActiveCfg = Release|iPhone
		{DC52BD92-9B9D-4203-A8DF-41373270FD96}.Release|iPhone.ActiveCfg = Release|iPhone
		{DC52BD92-9B9D-4203-A8DF-41373270FD96}.Release|iPhone.Build.0 = Release|iPhone
		{DC52BD92-9B9D-4203-A8DF-41373270FD96}.Release|iPhoneSimulator.ActiveCfg = Release|iPhoneSimulator
		{DC52BD92-9B9D-4203-A8DF-41373270FD96}.Release|iPhoneSimulator.Build.0 = Release|iPhoneSimulator
		{DC52BD92-9B9D-4203-A8DF-41373270FD96}.Release|x64.ActiveCfg = Release|iPhone
		{DC52BD92-9B9D-4203-A8DF-41373270FD96}.Release|x86.ActiveCfg = Release|iPhone
		{B2184FF8-1AA8-4D1B-BE00-5F69D59196F7}.Ad-Hoc|Any CPU.ActiveCfg = Release|x86
		{B2184FF8-1AA8-4D1B-BE00-5F69D59196F7}.Ad-Hoc|Any CPU.Build.0 = Release|x86
		{B2184FF8-1AA8-4D1B-BE00-5F69D59196F7}.Ad-Hoc|Any CPU.Deploy.0 = Release|x86
		{B2184FF8-1AA8-4D1B-BE00-5F69D59196F7}.Ad-Hoc|ARM.ActiveCfg = Release|ARM
		{B2184FF8-1AA8-4D1B-BE00-5F69D59196F7}.Ad-Hoc|ARM.Build.0 = Release|ARM
		{B2184FF8-1AA8-4D1B-BE00-5F69D59196F7}.Ad-Hoc|ARM.Deploy.0 = Release|ARM
		{B2184FF8-1AA8-4D1B-BE00-5F69D59196F7}.Ad-Hoc|iPhone.ActiveCfg = Release|x86
		{B2184FF8-1AA8-4D1B-BE00-5F69D59196F7}.Ad-Hoc|iPhone.Build.0 = Release|x86
		{B2184FF8-1AA8-4D1B-BE00-5F69D59196F7}.Ad-Hoc|iPhone.Deploy.0 = Release|x86
		{B2184FF8-1AA8-4D1B-BE00-5F69D59196F7}.Ad-Hoc|iPhoneSimulator.ActiveCfg = Release|x86
		{B2184FF8-1AA8-4D1B-BE00-5F69D59196F7}.Ad-Hoc|iPhoneSimulator.Build.0 = Release|x86
		{B2184FF8-1AA8-4D1B-BE00-5F69D59196F7}.Ad-Hoc|iPhoneSimulator.Deploy.0 = Release|x86
		{B2184FF8-1AA8-4D1B-BE00-5F69D59196F7}.Ad-Hoc|x64.ActiveCfg = Release|x64
		{B2184FF8-1AA8-4D1B-BE00-5F69D59196F7}.Ad-Hoc|x64.Build.0 = Release|x64
		{B2184FF8-1AA8-4D1B-BE00-5F69D59196F7}.Ad-Hoc|x64.Deploy.0 = Release|x64
		{B2184FF8-1AA8-4D1B-BE00-5F69D59196F7}.Ad-Hoc|x86.ActiveCfg = Release|x86
		{B2184FF8-1AA8-4D1B-BE00-5F69D59196F7}.Ad-Hoc|x86.Build.0 = Release|x86
		{B2184FF8-1AA8-4D1B-BE00-5F69D59196F7}.Ad-Hoc|x86.Deploy.0 = Release|x86
		{B2184FF8-1AA8-4D1B-BE00-5F69D59196F7}.AppStore|Any CPU.ActiveCfg = Release|x86
		{B2184FF8-1AA8-4D1B-BE00-5F69D59196F7}.AppStore|Any CPU.Build.0 = Release|x86
		{B2184FF8-1AA8-4D1B-BE00-5F69D59196F7}.AppStore|Any CPU.Deploy.0 = Release|x86
		{B2184FF8-1AA8-4D1B-BE00-5F69D59196F7}.AppStore|ARM.ActiveCfg = Release|ARM
		{B2184FF8-1AA8-4D1B-BE00-5F69D59196F7}.AppStore|ARM.Build.0 = Release|ARM
		{B2184FF8-1AA8-4D1B-BE00-5F69D59196F7}.AppStore|ARM.Deploy.0 = Release|ARM
		{B2184FF8-1AA8-4D1B-BE00-5F69D59196F7}.AppStore|iPhone.ActiveCfg = Release|x86
		{B2184FF8-1AA8-4D1B-BE00-5F69D59196F7}.AppStore|iPhone.Build.0 = Release|x86
		{B2184FF8-1AA8-4D1B-BE00-5F69D59196F7}.AppStore|iPhone.Deploy.0 = Release|x86
		{B2184FF8-1AA8-4D1B-BE00-5F69D59196F7}.AppStore|iPhoneSimulator.ActiveCfg = Release|x86
		{B2184FF8-1AA8-4D1B-BE00-5F69D59196F7}.AppStore|iPhoneSimulator.Build.0 = Release|x86
		{B2184FF8-1AA8-4D1B-BE00-5F69D59196F7}.AppStore|iPhoneSimulator.Deploy.0 = Release|x86
		{B2184FF8-1AA8-4D1B-BE00-5F69D59196F7}.AppStore|x64.ActiveCfg = Release|x64
		{B2184FF8-1AA8-4D1B-BE00-5F69D59196F7}.AppStore|x64.Build.0 = Release|x64
		{B2184FF8-1AA8-4D1B-BE00-5F69D59196F7}.AppStore|x64.Deploy.0 = Release|x64
		{B2184FF8-1AA8-4D1B-BE00-5F69D59196F7}.AppStore|x86.ActiveCfg = Release|x86
		{B2184FF8-1AA8-4D1B-BE00-5F69D59196F7}.AppStore|x86.Build.0 = Release|x86
		{B2184FF8-1AA8-4D1B-BE00-5F69D59196F7}.AppStore|x86.Deploy.0 = Release|x86
		{B2184FF8-1AA8-4D1B-BE00-5F69D59196F7}.Debug|Any CPU.ActiveCfg = Debug|x86
		{B2184FF8-1AA8-4D1B-BE00-5F69D59196F7}.Debug|ARM.ActiveCfg = Debug|ARM
		{B2184FF8-1AA8-4D1B-BE00-5F69D59196F7}.Debug|ARM.Build.0 = Debug|ARM
		{B2184FF8-1AA8-4D1B-BE00-5F69D59196F7}.Debug|ARM.Deploy.0 = Debug|ARM
		{B2184FF8-1AA8-4D1B-BE00-5F69D59196F7}.Debug|iPhone.ActiveCfg = Debug|x86
		{B2184FF8-1AA8-4D1B-BE00-5F69D59196F7}.Debug|iPhoneSimulator.ActiveCfg = Debug|x86
		{B2184FF8-1AA8-4D1B-BE00-5F69D59196F7}.Debug|x64.ActiveCfg = Debug|x64
		{B2184FF8-1AA8-4D1B-BE00-5F69D59196F7}.Debug|x64.Build.0 = Debug|x64
		{B2184FF8-1AA8-4D1B-BE00-5F69D59196F7}.Debug|x64.Deploy.0 = Debug|x64
		{B2184FF8-1AA8-4D1B-BE00-5F69D59196F7}.Debug|x86.ActiveCfg = Debug|x86
		{B2184FF8-1AA8-4D1B-BE00-5F69D59196F7}.Debug|x86.Build.0 = Debug|x86
		{B2184FF8-1AA8-4D1B-BE00-5F69D59196F7}.Debug|x86.Deploy.0 = Debug|x86
		{B2184FF8-1AA8-4D1B-BE00-5F69D59196F7}.Release|Any CPU.ActiveCfg = Release|x86
		{B2184FF8-1AA8-4D1B-BE00-5F69D59196F7}.Release|ARM.ActiveCfg = Release|ARM
		{B2184FF8-1AA8-4D1B-BE00-5F69D59196F7}.Release|ARM.Build.0 = Release|ARM
		{B2184FF8-1AA8-4D1B-BE00-5F69D59196F7}.Release|ARM.Deploy.0 = Release|ARM
		{B2184FF8-1AA8-4D1B-BE00-5F69D59196F7}.Release|iPhone.ActiveCfg = Release|x86
		{B2184FF8-1AA8-4D1B-BE00-5F69D59196F7}.Release|iPhoneSimulator.ActiveCfg = Release|x86
		{B2184FF8-1AA8-4D1B-BE00-5F69D59196F7}.Release|x64.ActiveCfg = Release|x64
		{B2184FF8-1AA8-4D1B-BE00-5F69D59196F7}.Release|x64.Build.0 = Release|x64
		{B2184FF8-1AA8-4D1B-BE00-5F69D59196F7}.Release|x64.Deploy.0 = Release|x64
		{B2184FF8-1AA8-4D1B-BE00-5F69D59196F7}.Release|x86.ActiveCfg = Release|x86
		{B2184FF8-1AA8-4D1B-BE00-5F69D59196F7}.Release|x86.Build.0 = Release|x86
		{B2184FF8-1AA8-4D1B-BE00-5F69D59196F7}.Release|x86.Deploy.0 = Release|x86
		{F9234AF2-24B9-48AC-B965-9D08E86E4398}.Ad-Hoc|Any CPU.ActiveCfg = Release|Any CPU
		{F9234AF2-24B9-48AC-B965-9D08E86E4398}.Ad-Hoc|Any CPU.Build.0 = Release|Any CPU
		{F9234AF2-24B9-48AC-B965-9D08E86E4398}.Ad-Hoc|ARM.ActiveCfg = Release|Any CPU
		{F9234AF2-24B9-48AC-B965-9D08E86E4398}.Ad-Hoc|ARM.Build.0 = Release|Any CPU
		{F9234AF2-24B9-48AC-B965-9D08E86E4398}.Ad-Hoc|iPhone.ActiveCfg = Release|Any CPU
		{F9234AF2-24B9-48AC-B965-9D08E86E4398}.Ad-Hoc|iPhone.Build.0 = Release|Any CPU
		{F9234AF2-24B9-48AC-B965-9D08E86E4398}.Ad-Hoc|iPhoneSimulator.ActiveCfg = Release|Any CPU
		{F9234AF2-24B9-48AC-B965-9D08E86E4398}.Ad-Hoc|iPhoneSimulator.Build.0 = Release|Any CPU
		{F9234AF2-24B9-48AC-B965-9D08E86E4398}.Ad-Hoc|x64.ActiveCfg = Release|Any CPU
		{F9234AF2-24B9-48AC-B965-9D08E86E4398}.Ad-Hoc|x64.Build.0 = Release|Any CPU
		{F9234AF2-24B9-48AC-B965-9D08E86E4398}.Ad-Hoc|x86.ActiveCfg = Release|Any CPU
		{F9234AF2-24B9-48AC-B965-9D08E86E4398}.Ad-Hoc|x86.Build.0 = Release|Any CPU
		{F9234AF2-24B9-48AC-B965-9D08E86E4398}.AppStore|Any CPU.ActiveCfg = Release|Any CPU
		{F9234AF2-24B9-48AC-B965-9D08E86E4398}.AppStore|Any CPU.Build.0 = Release|Any CPU
		{F9234AF2-24B9-48AC-B965-9D08E86E4398}.AppStore|ARM.ActiveCfg = Release|Any CPU
		{F9234AF2-24B9-48AC-B965-9D08E86E4398}.AppStore|ARM.Build.0 = Release|Any CPU
		{F9234AF2-24B9-48AC-B965-9D08E86E4398}.AppStore|iPhone.ActiveCfg = Release|Any CPU
		{F9234AF2-24B9-48AC-B965-9D08E86E4398}.AppStore|iPhone.Build.0 = Release|Any CPU
		{F9234AF2-24B9-48AC-B965-9D08E86E4398}.AppStore|iPhoneSimulator.ActiveCfg = Release|Any CPU
		{F9234AF2-24B9-48AC-B965-9D08E86E4398}.AppStore|iPhoneSimulator.Build.0 = Release|Any CPU
		{F9234AF2-24B9-48AC-B965-9D08E86E4398}.AppStore|x64.ActiveCfg = Release|Any CPU
		{F9234AF2-24B9-48AC-B965-9D08E86E4398}.AppStore|x64.Build.0 = Release|Any CPU
		{F9234AF2-24B9-48AC-B965-9D08E86E4398}.AppStore|x86.ActiveCfg = Release|Any CPU
		{F9234AF2-24B9-48AC-B965-9D08E86E4398}.AppStore|x86.Build.0 = Release|Any CPU
		{F9234AF2-24B9-48AC-B965-9D08E86E4398}.Debug|Any CPU.ActiveCfg = Debug|Any CPU
		{F9234AF2-24B9-48AC-B965-9D08E86E4398}.Debug|Any CPU.Build.0 = Debug|Any CPU
		{F9234AF2-24B9-48AC-B965-9D08E86E4398}.Debug|ARM.ActiveCfg = Debug|Any CPU
		{F9234AF2-24B9-48AC-B965-9D08E86E4398}.Debug|ARM.Build.0 = Debug|Any CPU
		{F9234AF2-24B9-48AC-B965-9D08E86E4398}.Debug|iPhone.ActiveCfg = Debug|Any CPU
		{F9234AF2-24B9-48AC-B965-9D08E86E4398}.Debug|iPhone.Build.0 = Debug|Any CPU
		{F9234AF2-24B9-48AC-B965-9D08E86E4398}.Debug|iPhoneSimulator.ActiveCfg = Debug|Any CPU
		{F9234AF2-24B9-48AC-B965-9D08E86E4398}.Debug|iPhoneSimulator.Build.0 = Debug|Any CPU
		{F9234AF2-24B9-48AC-B965-9D08E86E4398}.Debug|x64.ActiveCfg = Debug|Any CPU
		{F9234AF2-24B9-48AC-B965-9D08E86E4398}.Debug|x64.Build.0 = Debug|Any CPU
		{F9234AF2-24B9-48AC-B965-9D08E86E4398}.Debug|x86.ActiveCfg = Debug|Any CPU
		{F9234AF2-24B9-48AC-B965-9D08E86E4398}.Debug|x86.Build.0 = Debug|Any CPU
		{F9234AF2-24B9-48AC-B965-9D08E86E4398}.Release|Any CPU.ActiveCfg = Release|Any CPU
		{F9234AF2-24B9-48AC-B965-9D08E86E4398}.Release|Any CPU.Build.0 = Release|Any CPU
		{F9234AF2-24B9-48AC-B965-9D08E86E4398}.Release|ARM.ActiveCfg = Release|Any CPU
		{F9234AF2-24B9-48AC-B965-9D08E86E4398}.Release|ARM.Build.0 = Release|Any CPU
		{F9234AF2-24B9-48AC-B965-9D08E86E4398}.Release|iPhone.ActiveCfg = Release|Any CPU
		{F9234AF2-24B9-48AC-B965-9D08E86E4398}.Release|iPhone.Build.0 = Release|Any CPU
		{F9234AF2-24B9-48AC-B965-9D08E86E4398}.Release|iPhoneSimulator.ActiveCfg = Release|Any CPU
		{F9234AF2-24B9-48AC-B965-9D08E86E4398}.Release|iPhoneSimulator.Build.0 = Release|Any CPU
		{F9234AF2-24B9-48AC-B965-9D08E86E4398}.Release|x64.ActiveCfg = Release|Any CPU
		{F9234AF2-24B9-48AC-B965-9D08E86E4398}.Release|x64.Build.0 = Release|Any CPU
		{F9234AF2-24B9-48AC-B965-9D08E86E4398}.Release|x86.ActiveCfg = Release|Any CPU
		{F9234AF2-24B9-48AC-B965-9D08E86E4398}.Release|x86.Build.0 = Release|Any CPU
		{08EF7FED-84C4-41D3-A0DD-53F1320FACAB}.Ad-Hoc|Any CPU.ActiveCfg = Release|Any CPU
		{08EF7FED-84C4-41D3-A0DD-53F1320FACAB}.Ad-Hoc|Any CPU.Build.0 = Release|Any CPU
		{08EF7FED-84C4-41D3-A0DD-53F1320FACAB}.Ad-Hoc|ARM.ActiveCfg = Release|Any CPU
		{08EF7FED-84C4-41D3-A0DD-53F1320FACAB}.Ad-Hoc|ARM.Build.0 = Release|Any CPU
		{08EF7FED-84C4-41D3-A0DD-53F1320FACAB}.Ad-Hoc|iPhone.ActiveCfg = Release|Any CPU
		{08EF7FED-84C4-41D3-A0DD-53F1320FACAB}.Ad-Hoc|iPhone.Build.0 = Release|Any CPU
		{08EF7FED-84C4-41D3-A0DD-53F1320FACAB}.Ad-Hoc|iPhoneSimulator.ActiveCfg = Release|Any CPU
		{08EF7FED-84C4-41D3-A0DD-53F1320FACAB}.Ad-Hoc|iPhoneSimulator.Build.0 = Release|Any CPU
		{08EF7FED-84C4-41D3-A0DD-53F1320FACAB}.Ad-Hoc|x64.ActiveCfg = Release|Any CPU
		{08EF7FED-84C4-41D3-A0DD-53F1320FACAB}.Ad-Hoc|x64.Build.0 = Release|Any CPU
		{08EF7FED-84C4-41D3-A0DD-53F1320FACAB}.Ad-Hoc|x86.ActiveCfg = Release|Any CPU
		{08EF7FED-84C4-41D3-A0DD-53F1320FACAB}.Ad-Hoc|x86.Build.0 = Release|Any CPU
		{08EF7FED-84C4-41D3-A0DD-53F1320FACAB}.AppStore|Any CPU.ActiveCfg = Release|Any CPU
		{08EF7FED-84C4-41D3-A0DD-53F1320FACAB}.AppStore|Any CPU.Build.0 = Release|Any CPU
		{08EF7FED-84C4-41D3-A0DD-53F1320FACAB}.AppStore|ARM.ActiveCfg = Release|Any CPU
		{08EF7FED-84C4-41D3-A0DD-53F1320FACAB}.AppStore|ARM.Build.0 = Release|Any CPU
		{08EF7FED-84C4-41D3-A0DD-53F1320FACAB}.AppStore|iPhone.ActiveCfg = Release|Any CPU
		{08EF7FED-84C4-41D3-A0DD-53F1320FACAB}.AppStore|iPhone.Build.0 = Release|Any CPU
		{08EF7FED-84C4-41D3-A0DD-53F1320FACAB}.AppStore|iPhoneSimulator.ActiveCfg = Release|Any CPU
		{08EF7FED-84C4-41D3-A0DD-53F1320FACAB}.AppStore|iPhoneSimulator.Build.0 = Release|Any CPU
		{08EF7FED-84C4-41D3-A0DD-53F1320FACAB}.AppStore|x64.ActiveCfg = Release|Any CPU
		{08EF7FED-84C4-41D3-A0DD-53F1320FACAB}.AppStore|x64.Build.0 = Release|Any CPU
		{08EF7FED-84C4-41D3-A0DD-53F1320FACAB}.AppStore|x86.ActiveCfg = Release|Any CPU
		{08EF7FED-84C4-41D3-A0DD-53F1320FACAB}.AppStore|x86.Build.0 = Release|Any CPU
		{08EF7FED-84C4-41D3-A0DD-53F1320FACAB}.Debug|Any CPU.ActiveCfg = Debug|Any CPU
		{08EF7FED-84C4-41D3-A0DD-53F1320FACAB}.Debug|Any CPU.Build.0 = Debug|Any CPU
		{08EF7FED-84C4-41D3-A0DD-53F1320FACAB}.Debug|ARM.ActiveCfg = Debug|Any CPU
		{08EF7FED-84C4-41D3-A0DD-53F1320FACAB}.Debug|ARM.Build.0 = Debug|Any CPU
		{08EF7FED-84C4-41D3-A0DD-53F1320FACAB}.Debug|iPhone.ActiveCfg = Debug|Any CPU
		{08EF7FED-84C4-41D3-A0DD-53F1320FACAB}.Debug|iPhone.Build.0 = Debug|Any CPU
		{08EF7FED-84C4-41D3-A0DD-53F1320FACAB}.Debug|iPhoneSimulator.ActiveCfg = Debug|Any CPU
		{08EF7FED-84C4-41D3-A0DD-53F1320FACAB}.Debug|iPhoneSimulator.Build.0 = Debug|Any CPU
		{08EF7FED-84C4-41D3-A0DD-53F1320FACAB}.Debug|x64.ActiveCfg = Debug|Any CPU
		{08EF7FED-84C4-41D3-A0DD-53F1320FACAB}.Debug|x64.Build.0 = Debug|Any CPU
		{08EF7FED-84C4-41D3-A0DD-53F1320FACAB}.Debug|x86.ActiveCfg = Debug|Any CPU
		{08EF7FED-84C4-41D3-A0DD-53F1320FACAB}.Debug|x86.Build.0 = Debug|Any CPU
		{08EF7FED-84C4-41D3-A0DD-53F1320FACAB}.Release|Any CPU.ActiveCfg = Release|Any CPU
		{08EF7FED-84C4-41D3-A0DD-53F1320FACAB}.Release|Any CPU.Build.0 = Release|Any CPU
		{08EF7FED-84C4-41D3-A0DD-53F1320FACAB}.Release|ARM.ActiveCfg = Release|Any CPU
		{08EF7FED-84C4-41D3-A0DD-53F1320FACAB}.Release|ARM.Build.0 = Release|Any CPU
		{08EF7FED-84C4-41D3-A0DD-53F1320FACAB}.Release|iPhone.ActiveCfg = Release|Any CPU
		{08EF7FED-84C4-41D3-A0DD-53F1320FACAB}.Release|iPhone.Build.0 = Release|Any CPU
		{08EF7FED-84C4-41D3-A0DD-53F1320FACAB}.Release|iPhoneSimulator.ActiveCfg = Release|Any CPU
		{08EF7FED-84C4-41D3-A0DD-53F1320FACAB}.Release|iPhoneSimulator.Build.0 = Release|Any CPU
		{08EF7FED-84C4-41D3-A0DD-53F1320FACAB}.Release|x64.ActiveCfg = Release|Any CPU
		{08EF7FED-84C4-41D3-A0DD-53F1320FACAB}.Release|x64.Build.0 = Release|Any CPU
		{08EF7FED-84C4-41D3-A0DD-53F1320FACAB}.Release|x86.ActiveCfg = Release|Any CPU
		{08EF7FED-84C4-41D3-A0DD-53F1320FACAB}.Release|x86.Build.0 = Release|Any CPU
		{4D023A4C-D6DE-4C86-83CE-7DC42256E9D7}.Ad-Hoc|Any CPU.ActiveCfg = Release|Any CPU
		{4D023A4C-D6DE-4C86-83CE-7DC42256E9D7}.Ad-Hoc|Any CPU.Build.0 = Release|Any CPU
		{4D023A4C-D6DE-4C86-83CE-7DC42256E9D7}.Ad-Hoc|ARM.ActiveCfg = Release|Any CPU
		{4D023A4C-D6DE-4C86-83CE-7DC42256E9D7}.Ad-Hoc|ARM.Build.0 = Release|Any CPU
		{4D023A4C-D6DE-4C86-83CE-7DC42256E9D7}.Ad-Hoc|iPhone.ActiveCfg = Release|Any CPU
		{4D023A4C-D6DE-4C86-83CE-7DC42256E9D7}.Ad-Hoc|iPhone.Build.0 = Release|Any CPU
		{4D023A4C-D6DE-4C86-83CE-7DC42256E9D7}.Ad-Hoc|iPhoneSimulator.ActiveCfg = Release|Any CPU
		{4D023A4C-D6DE-4C86-83CE-7DC42256E9D7}.Ad-Hoc|iPhoneSimulator.Build.0 = Release|Any CPU
		{4D023A4C-D6DE-4C86-83CE-7DC42256E9D7}.Ad-Hoc|x64.ActiveCfg = Release|Any CPU
		{4D023A4C-D6DE-4C86-83CE-7DC42256E9D7}.Ad-Hoc|x64.Build.0 = Release|Any CPU
		{4D023A4C-D6DE-4C86-83CE-7DC42256E9D7}.Ad-Hoc|x86.ActiveCfg = Release|Any CPU
		{4D023A4C-D6DE-4C86-83CE-7DC42256E9D7}.Ad-Hoc|x86.Build.0 = Release|Any CPU
		{4D023A4C-D6DE-4C86-83CE-7DC42256E9D7}.AppStore|Any CPU.ActiveCfg = Release|Any CPU
		{4D023A4C-D6DE-4C86-83CE-7DC42256E9D7}.AppStore|Any CPU.Build.0 = Release|Any CPU
		{4D023A4C-D6DE-4C86-83CE-7DC42256E9D7}.AppStore|ARM.ActiveCfg = Release|Any CPU
		{4D023A4C-D6DE-4C86-83CE-7DC42256E9D7}.AppStore|ARM.Build.0 = Release|Any CPU
		{4D023A4C-D6DE-4C86-83CE-7DC42256E9D7}.AppStore|iPhone.ActiveCfg = Release|Any CPU
		{4D023A4C-D6DE-4C86-83CE-7DC42256E9D7}.AppStore|iPhone.Build.0 = Release|Any CPU
		{4D023A4C-D6DE-4C86-83CE-7DC42256E9D7}.AppStore|iPhoneSimulator.ActiveCfg = Release|Any CPU
		{4D023A4C-D6DE-4C86-83CE-7DC42256E9D7}.AppStore|iPhoneSimulator.Build.0 = Release|Any CPU
		{4D023A4C-D6DE-4C86-83CE-7DC42256E9D7}.AppStore|x64.ActiveCfg = Release|Any CPU
		{4D023A4C-D6DE-4C86-83CE-7DC42256E9D7}.AppStore|x64.Build.0 = Release|Any CPU
		{4D023A4C-D6DE-4C86-83CE-7DC42256E9D7}.AppStore|x86.ActiveCfg = Release|Any CPU
		{4D023A4C-D6DE-4C86-83CE-7DC42256E9D7}.AppStore|x86.Build.0 = Release|Any CPU
		{4D023A4C-D6DE-4C86-83CE-7DC42256E9D7}.Debug|Any CPU.ActiveCfg = Debug|Any CPU
		{4D023A4C-D6DE-4C86-83CE-7DC42256E9D7}.Debug|Any CPU.Build.0 = Debug|Any CPU
		{4D023A4C-D6DE-4C86-83CE-7DC42256E9D7}.Debug|Any CPU.Deploy.0 = Debug|Any CPU
		{4D023A4C-D6DE-4C86-83CE-7DC42256E9D7}.Debug|ARM.ActiveCfg = Debug|Any CPU
		{4D023A4C-D6DE-4C86-83CE-7DC42256E9D7}.Debug|ARM.Build.0 = Debug|Any CPU
		{4D023A4C-D6DE-4C86-83CE-7DC42256E9D7}.Debug|iPhone.ActiveCfg = Debug|Any CPU
		{4D023A4C-D6DE-4C86-83CE-7DC42256E9D7}.Debug|iPhone.Build.0 = Debug|Any CPU
		{4D023A4C-D6DE-4C86-83CE-7DC42256E9D7}.Debug|iPhoneSimulator.ActiveCfg = Debug|Any CPU
		{4D023A4C-D6DE-4C86-83CE-7DC42256E9D7}.Debug|iPhoneSimulator.Build.0 = Debug|Any CPU
		{4D023A4C-D6DE-4C86-83CE-7DC42256E9D7}.Debug|x64.ActiveCfg = Debug|Any CPU
		{4D023A4C-D6DE-4C86-83CE-7DC42256E9D7}.Debug|x64.Build.0 = Debug|Any CPU
		{4D023A4C-D6DE-4C86-83CE-7DC42256E9D7}.Debug|x86.ActiveCfg = Debug|Any CPU
		{4D023A4C-D6DE-4C86-83CE-7DC42256E9D7}.Debug|x86.Build.0 = Debug|Any CPU
		{4D023A4C-D6DE-4C86-83CE-7DC42256E9D7}.Release|Any CPU.ActiveCfg = Release|Any CPU
		{4D023A4C-D6DE-4C86-83CE-7DC42256E9D7}.Release|Any CPU.Build.0 = Release|Any CPU
		{4D023A4C-D6DE-4C86-83CE-7DC42256E9D7}.Release|Any CPU.Deploy.0 = Release|Any CPU
		{4D023A4C-D6DE-4C86-83CE-7DC42256E9D7}.Release|ARM.ActiveCfg = Release|Any CPU
		{4D023A4C-D6DE-4C86-83CE-7DC42256E9D7}.Release|ARM.Build.0 = Release|Any CPU
		{4D023A4C-D6DE-4C86-83CE-7DC42256E9D7}.Release|iPhone.ActiveCfg = Release|Any CPU
		{4D023A4C-D6DE-4C86-83CE-7DC42256E9D7}.Release|iPhone.Build.0 = Release|Any CPU
		{4D023A4C-D6DE-4C86-83CE-7DC42256E9D7}.Release|iPhoneSimulator.ActiveCfg = Release|Any CPU
		{4D023A4C-D6DE-4C86-83CE-7DC42256E9D7}.Release|iPhoneSimulator.Build.0 = Release|Any CPU
		{4D023A4C-D6DE-4C86-83CE-7DC42256E9D7}.Release|x64.ActiveCfg = Release|Any CPU
		{4D023A4C-D6DE-4C86-83CE-7DC42256E9D7}.Release|x64.Build.0 = Release|Any CPU
		{4D023A4C-D6DE-4C86-83CE-7DC42256E9D7}.Release|x86.ActiveCfg = Release|Any CPU
		{4D023A4C-D6DE-4C86-83CE-7DC42256E9D7}.Release|x86.Build.0 = Release|Any CPU
		{84BE6D03-74C7-4F31-AC44-0DEA127882D7}.Ad-Hoc|Any CPU.ActiveCfg = Release|Any CPU
		{84BE6D03-74C7-4F31-AC44-0DEA127882D7}.Ad-Hoc|Any CPU.Build.0 = Release|Any CPU
		{84BE6D03-74C7-4F31-AC44-0DEA127882D7}.Ad-Hoc|ARM.ActiveCfg = Release|Any CPU
		{84BE6D03-74C7-4F31-AC44-0DEA127882D7}.Ad-Hoc|ARM.Build.0 = Release|Any CPU
		{84BE6D03-74C7-4F31-AC44-0DEA127882D7}.Ad-Hoc|iPhone.ActiveCfg = Release|Any CPU
		{84BE6D03-74C7-4F31-AC44-0DEA127882D7}.Ad-Hoc|iPhone.Build.0 = Release|Any CPU
		{84BE6D03-74C7-4F31-AC44-0DEA127882D7}.Ad-Hoc|iPhoneSimulator.ActiveCfg = Release|Any CPU
		{84BE6D03-74C7-4F31-AC44-0DEA127882D7}.Ad-Hoc|iPhoneSimulator.Build.0 = Release|Any CPU
		{84BE6D03-74C7-4F31-AC44-0DEA127882D7}.Ad-Hoc|x64.ActiveCfg = Release|Any CPU
		{84BE6D03-74C7-4F31-AC44-0DEA127882D7}.Ad-Hoc|x64.Build.0 = Release|Any CPU
		{84BE6D03-74C7-4F31-AC44-0DEA127882D7}.Ad-Hoc|x86.ActiveCfg = Release|Any CPU
		{84BE6D03-74C7-4F31-AC44-0DEA127882D7}.Ad-Hoc|x86.Build.0 = Release|Any CPU
		{84BE6D03-74C7-4F31-AC44-0DEA127882D7}.AppStore|Any CPU.ActiveCfg = Release|Any CPU
		{84BE6D03-74C7-4F31-AC44-0DEA127882D7}.AppStore|Any CPU.Build.0 = Release|Any CPU
		{84BE6D03-74C7-4F31-AC44-0DEA127882D7}.AppStore|ARM.ActiveCfg = Release|Any CPU
		{84BE6D03-74C7-4F31-AC44-0DEA127882D7}.AppStore|ARM.Build.0 = Release|Any CPU
		{84BE6D03-74C7-4F31-AC44-0DEA127882D7}.AppStore|iPhone.ActiveCfg = Release|Any CPU
		{84BE6D03-74C7-4F31-AC44-0DEA127882D7}.AppStore|iPhone.Build.0 = Release|Any CPU
		{84BE6D03-74C7-4F31-AC44-0DEA127882D7}.AppStore|iPhoneSimulator.ActiveCfg = Release|Any CPU
		{84BE6D03-74C7-4F31-AC44-0DEA127882D7}.AppStore|iPhoneSimulator.Build.0 = Release|Any CPU
		{84BE6D03-74C7-4F31-AC44-0DEA127882D7}.AppStore|x64.ActiveCfg = Release|Any CPU
		{84BE6D03-74C7-4F31-AC44-0DEA127882D7}.AppStore|x64.Build.0 = Release|Any CPU
		{84BE6D03-74C7-4F31-AC44-0DEA127882D7}.AppStore|x86.ActiveCfg = Release|Any CPU
		{84BE6D03-74C7-4F31-AC44-0DEA127882D7}.AppStore|x86.Build.0 = Release|Any CPU
		{84BE6D03-74C7-4F31-AC44-0DEA127882D7}.Debug|Any CPU.ActiveCfg = Debug|Any CPU
		{84BE6D03-74C7-4F31-AC44-0DEA127882D7}.Debug|Any CPU.Build.0 = Debug|Any CPU
		{84BE6D03-74C7-4F31-AC44-0DEA127882D7}.Debug|ARM.ActiveCfg = Debug|Any CPU
		{84BE6D03-74C7-4F31-AC44-0DEA127882D7}.Debug|ARM.Build.0 = Debug|Any CPU
		{84BE6D03-74C7-4F31-AC44-0DEA127882D7}.Debug|iPhone.ActiveCfg = Debug|Any CPU
		{84BE6D03-74C7-4F31-AC44-0DEA127882D7}.Debug|iPhone.Build.0 = Debug|Any CPU
		{84BE6D03-74C7-4F31-AC44-0DEA127882D7}.Debug|iPhoneSimulator.ActiveCfg = Debug|Any CPU
		{84BE6D03-74C7-4F31-AC44-0DEA127882D7}.Debug|iPhoneSimulator.Build.0 = Debug|Any CPU
		{84BE6D03-74C7-4F31-AC44-0DEA127882D7}.Debug|x64.ActiveCfg = Debug|Any CPU
		{84BE6D03-74C7-4F31-AC44-0DEA127882D7}.Debug|x64.Build.0 = Debug|Any CPU
		{84BE6D03-74C7-4F31-AC44-0DEA127882D7}.Debug|x86.ActiveCfg = Debug|Any CPU
		{84BE6D03-74C7-4F31-AC44-0DEA127882D7}.Debug|x86.Build.0 = Debug|Any CPU
		{84BE6D03-74C7-4F31-AC44-0DEA127882D7}.Release|Any CPU.ActiveCfg = Release|Any CPU
		{84BE6D03-74C7-4F31-AC44-0DEA127882D7}.Release|Any CPU.Build.0 = Release|Any CPU
		{84BE6D03-74C7-4F31-AC44-0DEA127882D7}.Release|ARM.ActiveCfg = Release|Any CPU
		{84BE6D03-74C7-4F31-AC44-0DEA127882D7}.Release|ARM.Build.0 = Release|Any CPU
		{84BE6D03-74C7-4F31-AC44-0DEA127882D7}.Release|iPhone.ActiveCfg = Release|Any CPU
		{84BE6D03-74C7-4F31-AC44-0DEA127882D7}.Release|iPhone.Build.0 = Release|Any CPU
		{84BE6D03-74C7-4F31-AC44-0DEA127882D7}.Release|iPhoneSimulator.ActiveCfg = Release|Any CPU
		{84BE6D03-74C7-4F31-AC44-0DEA127882D7}.Release|iPhoneSimulator.Build.0 = Release|Any CPU
		{84BE6D03-74C7-4F31-AC44-0DEA127882D7}.Release|x64.ActiveCfg = Release|Any CPU
		{84BE6D03-74C7-4F31-AC44-0DEA127882D7}.Release|x64.Build.0 = Release|Any CPU
		{84BE6D03-74C7-4F31-AC44-0DEA127882D7}.Release|x86.ActiveCfg = Release|Any CPU
		{84BE6D03-74C7-4F31-AC44-0DEA127882D7}.Release|x86.Build.0 = Release|Any CPU
		{4C9EC3B9-1FF2-440A-9CA3-D9EC29314FD4}.Ad-Hoc|Any CPU.ActiveCfg = Release|x64
		{4C9EC3B9-1FF2-440A-9CA3-D9EC29314FD4}.Ad-Hoc|Any CPU.Build.0 = Release|x64
		{4C9EC3B9-1FF2-440A-9CA3-D9EC29314FD4}.Ad-Hoc|Any CPU.Deploy.0 = Release|x64
		{4C9EC3B9-1FF2-440A-9CA3-D9EC29314FD4}.Ad-Hoc|ARM.ActiveCfg = Release|ARM
		{4C9EC3B9-1FF2-440A-9CA3-D9EC29314FD4}.Ad-Hoc|ARM.Build.0 = Release|ARM
		{4C9EC3B9-1FF2-440A-9CA3-D9EC29314FD4}.Ad-Hoc|ARM.Deploy.0 = Release|ARM
		{4C9EC3B9-1FF2-440A-9CA3-D9EC29314FD4}.Ad-Hoc|ARM64.ActiveCfg = Release|ARM64
		{4C9EC3B9-1FF2-440A-9CA3-D9EC29314FD4}.Ad-Hoc|ARM64.Build.0 = Release|ARM64
		{4C9EC3B9-1FF2-440A-9CA3-D9EC29314FD4}.Ad-Hoc|ARM64.Deploy.0 = Release|ARM64
		{4C9EC3B9-1FF2-440A-9CA3-D9EC29314FD4}.Ad-Hoc|iPhone.ActiveCfg = Release|x64
		{4C9EC3B9-1FF2-440A-9CA3-D9EC29314FD4}.Ad-Hoc|iPhone.Build.0 = Release|x64
		{4C9EC3B9-1FF2-440A-9CA3-D9EC29314FD4}.Ad-Hoc|iPhone.Deploy.0 = Release|x64
		{4C9EC3B9-1FF2-440A-9CA3-D9EC29314FD4}.Ad-Hoc|iPhoneSimulator.ActiveCfg = Release|x64
		{4C9EC3B9-1FF2-440A-9CA3-D9EC29314FD4}.Ad-Hoc|iPhoneSimulator.Build.0 = Release|x64
		{4C9EC3B9-1FF2-440A-9CA3-D9EC29314FD4}.Ad-Hoc|iPhoneSimulator.Deploy.0 = Release|x64
		{4C9EC3B9-1FF2-440A-9CA3-D9EC29314FD4}.Ad-Hoc|x64.ActiveCfg = Release|x64
		{4C9EC3B9-1FF2-440A-9CA3-D9EC29314FD4}.Ad-Hoc|x64.Build.0 = Release|x64
		{4C9EC3B9-1FF2-440A-9CA3-D9EC29314FD4}.Ad-Hoc|x64.Deploy.0 = Release|x64
		{4C9EC3B9-1FF2-440A-9CA3-D9EC29314FD4}.Ad-Hoc|x86.ActiveCfg = Release|x86
		{4C9EC3B9-1FF2-440A-9CA3-D9EC29314FD4}.Ad-Hoc|x86.Build.0 = Release|x86
		{4C9EC3B9-1FF2-440A-9CA3-D9EC29314FD4}.Ad-Hoc|x86.Deploy.0 = Release|x86
		{4C9EC3B9-1FF2-440A-9CA3-D9EC29314FD4}.AppStore|Any CPU.ActiveCfg = Release|x64
		{4C9EC3B9-1FF2-440A-9CA3-D9EC29314FD4}.AppStore|Any CPU.Build.0 = Release|x64
		{4C9EC3B9-1FF2-440A-9CA3-D9EC29314FD4}.AppStore|Any CPU.Deploy.0 = Release|x64
		{4C9EC3B9-1FF2-440A-9CA3-D9EC29314FD4}.AppStore|ARM.ActiveCfg = Release|ARM
		{4C9EC3B9-1FF2-440A-9CA3-D9EC29314FD4}.AppStore|ARM.Build.0 = Release|ARM
		{4C9EC3B9-1FF2-440A-9CA3-D9EC29314FD4}.AppStore|ARM.Deploy.0 = Release|ARM
		{4C9EC3B9-1FF2-440A-9CA3-D9EC29314FD4}.AppStore|ARM64.ActiveCfg = Release|ARM64
		{4C9EC3B9-1FF2-440A-9CA3-D9EC29314FD4}.AppStore|ARM64.Build.0 = Release|ARM64
		{4C9EC3B9-1FF2-440A-9CA3-D9EC29314FD4}.AppStore|ARM64.Deploy.0 = Release|ARM64
		{4C9EC3B9-1FF2-440A-9CA3-D9EC29314FD4}.AppStore|iPhone.ActiveCfg = Release|x64
		{4C9EC3B9-1FF2-440A-9CA3-D9EC29314FD4}.AppStore|iPhone.Build.0 = Release|x64
		{4C9EC3B9-1FF2-440A-9CA3-D9EC29314FD4}.AppStore|iPhone.Deploy.0 = Release|x64
		{4C9EC3B9-1FF2-440A-9CA3-D9EC29314FD4}.AppStore|iPhoneSimulator.ActiveCfg = Release|x64
		{4C9EC3B9-1FF2-440A-9CA3-D9EC29314FD4}.AppStore|iPhoneSimulator.Build.0 = Release|x64
		{4C9EC3B9-1FF2-440A-9CA3-D9EC29314FD4}.AppStore|iPhoneSimulator.Deploy.0 = Release|x64
		{4C9EC3B9-1FF2-440A-9CA3-D9EC29314FD4}.AppStore|x64.ActiveCfg = Release|x64
		{4C9EC3B9-1FF2-440A-9CA3-D9EC29314FD4}.AppStore|x64.Build.0 = Release|x64
		{4C9EC3B9-1FF2-440A-9CA3-D9EC29314FD4}.AppStore|x64.Deploy.0 = Release|x64
		{4C9EC3B9-1FF2-440A-9CA3-D9EC29314FD4}.AppStore|x86.ActiveCfg = Release|x86
		{4C9EC3B9-1FF2-440A-9CA3-D9EC29314FD4}.AppStore|x86.Build.0 = Release|x86
		{4C9EC3B9-1FF2-440A-9CA3-D9EC29314FD4}.AppStore|x86.Deploy.0 = Release|x86
		{4C9EC3B9-1FF2-440A-9CA3-D9EC29314FD4}.Debug|Any CPU.ActiveCfg = Debug|x86
		{4C9EC3B9-1FF2-440A-9CA3-D9EC29314FD4}.Debug|ARM.ActiveCfg = Debug|ARM
		{4C9EC3B9-1FF2-440A-9CA3-D9EC29314FD4}.Debug|ARM.Build.0 = Debug|ARM
		{4C9EC3B9-1FF2-440A-9CA3-D9EC29314FD4}.Debug|ARM.Deploy.0 = Debug|ARM
		{4C9EC3B9-1FF2-440A-9CA3-D9EC29314FD4}.Debug|ARM64.ActiveCfg = Debug|ARM64
		{4C9EC3B9-1FF2-440A-9CA3-D9EC29314FD4}.Debug|ARM64.Build.0 = Debug|ARM64
		{4C9EC3B9-1FF2-440A-9CA3-D9EC29314FD4}.Debug|ARM64.Deploy.0 = Debug|ARM64
		{4C9EC3B9-1FF2-440A-9CA3-D9EC29314FD4}.Debug|iPhone.ActiveCfg = Debug|x86
		{4C9EC3B9-1FF2-440A-9CA3-D9EC29314FD4}.Debug|iPhoneSimulator.ActiveCfg = Debug|x86
		{4C9EC3B9-1FF2-440A-9CA3-D9EC29314FD4}.Debug|x64.ActiveCfg = Debug|x64
		{4C9EC3B9-1FF2-440A-9CA3-D9EC29314FD4}.Debug|x64.Build.0 = Debug|x64
		{4C9EC3B9-1FF2-440A-9CA3-D9EC29314FD4}.Debug|x64.Deploy.0 = Debug|x64
		{4C9EC3B9-1FF2-440A-9CA3-D9EC29314FD4}.Debug|x86.ActiveCfg = Debug|x86
		{4C9EC3B9-1FF2-440A-9CA3-D9EC29314FD4}.Debug|x86.Build.0 = Debug|x86
		{4C9EC3B9-1FF2-440A-9CA3-D9EC29314FD4}.Debug|x86.Deploy.0 = Debug|x86
		{4C9EC3B9-1FF2-440A-9CA3-D9EC29314FD4}.Release|Any CPU.ActiveCfg = Release|x86
		{4C9EC3B9-1FF2-440A-9CA3-D9EC29314FD4}.Release|ARM.ActiveCfg = Release|ARM
		{4C9EC3B9-1FF2-440A-9CA3-D9EC29314FD4}.Release|ARM.Build.0 = Release|ARM
		{4C9EC3B9-1FF2-440A-9CA3-D9EC29314FD4}.Release|ARM.Deploy.0 = Release|ARM
		{4C9EC3B9-1FF2-440A-9CA3-D9EC29314FD4}.Release|ARM64.ActiveCfg = Release|ARM64
		{4C9EC3B9-1FF2-440A-9CA3-D9EC29314FD4}.Release|ARM64.Build.0 = Release|ARM64
		{4C9EC3B9-1FF2-440A-9CA3-D9EC29314FD4}.Release|ARM64.Deploy.0 = Release|ARM64
		{4C9EC3B9-1FF2-440A-9CA3-D9EC29314FD4}.Release|iPhone.ActiveCfg = Release|x86
		{4C9EC3B9-1FF2-440A-9CA3-D9EC29314FD4}.Release|iPhoneSimulator.ActiveCfg = Release|x86
		{4C9EC3B9-1FF2-440A-9CA3-D9EC29314FD4}.Release|x64.ActiveCfg = Release|x64
		{4C9EC3B9-1FF2-440A-9CA3-D9EC29314FD4}.Release|x64.Build.0 = Release|x64
		{4C9EC3B9-1FF2-440A-9CA3-D9EC29314FD4}.Release|x64.Deploy.0 = Release|x64
		{4C9EC3B9-1FF2-440A-9CA3-D9EC29314FD4}.Release|x86.ActiveCfg = Release|x86
		{4C9EC3B9-1FF2-440A-9CA3-D9EC29314FD4}.Release|x86.Build.0 = Release|x86
		{4C9EC3B9-1FF2-440A-9CA3-D9EC29314FD4}.Release|x86.Deploy.0 = Release|x86
	EndGlobalSection
	GlobalSection(SolutionProperties) = preSolution
		HideSolutionNode = FALSE
	EndGlobalSection
	GlobalSection(ExtensibilityGlobals) = postSolution
		SolutionGuid = {F6D05029-56B8-4E45-AF2D-0E76295DDBA2}
	EndGlobalSection
EndGlobal
